
Microsoft Visual Studio Solution File, Format Version 12.00
# Visual Studio Version 16
VisualStudioVersion = 16.0.29609.76
MinimumVisualStudioVersion = 10.0.40219.1
Project("{9A19103F-16F7-4668-BE54-9A1E7A4F7556}") = "Attila.Domain", "Attila\Attila.Domain.csproj", "{45461776-0ADD-4852-AD7C-682EAE047BE6}"
EndProject
Project("{2150E333-8FDC-42A3-9474-1A3956D46DE8}") = "Docs", "Docs", "{45713064-D83E-4829-8E15-C4E7124644CD}"
	ProjectSection(SolutionItems) = preProject
		Attila.UI\Views\Reports\HowTo.txt = Attila.UI\Views\Reports\HowTo.txt
	EndProjectSection
EndProject
Project("{2150E333-8FDC-42A3-9474-1A3956D46DE8}") = "Src", "Src", "{86F3CC49-56A6-40D4-988C-6F93EE86A147}"
EndProject
Project("{2150E333-8FDC-42A3-9474-1A3956D46DE8}") = "Core", "Core", "{1AB8792D-E878-46B4-9C25-C4EE937446A0}"
EndProject
Project("{2150E333-8FDC-42A3-9474-1A3956D46DE8}") = "Presentation", "Presentation", "{34046E16-43D3-436C-8610-AB49478AD208}"
EndProject
Project("{9A19103F-16F7-4668-BE54-9A1E7A4F7556}") = "Attila.Application", "Attila.Application\Attila.Application.csproj", "{39D614FC-CEE1-45EE-B00B-69FB8404F219}"
	ProjectSection(ProjectDependencies) = postProject
		{45461776-0ADD-4852-AD7C-682EAE047BE6} = {45461776-0ADD-4852-AD7C-682EAE047BE6}
	EndProjectSection
EndProject
Project("{9A19103F-16F7-4668-BE54-9A1E7A4F7556}") = "Attila.Infrastructure", "Attila.Infrastructure\Attila.Infrastructure.csproj", "{23B954BC-AE03-4418-A3C8-9C6058AFE5FD}"
	ProjectSection(ProjectDependencies) = postProject
		{45461776-0ADD-4852-AD7C-682EAE047BE6} = {45461776-0ADD-4852-AD7C-682EAE047BE6}
		{39D614FC-CEE1-45EE-B00B-69FB8404F219} = {39D614FC-CEE1-45EE-B00B-69FB8404F219}
	EndProjectSection
EndProject
Project("{2150E333-8FDC-42A3-9474-1A3956D46DE8}") = "Solution Items", "Solution Items", "{8BBCBF5D-68D6-422B-94A7-14238BA6E038}"
	ProjectSection(SolutionItems) = preProject
		.editorconfig = .editorconfig
	EndProjectSection
EndProject
Project("{9A19103F-16F7-4668-BE54-9A1E7A4F7556}") = "Attila.UI", "Attila.UI\Attila.UI.csproj", "{4C3BD1FD-AEE0-4AF6-AD56-E163C9C9CDEC}"
EndProject
Project("{2150E333-8FDC-42A3-9474-1A3956D46DE8}") = "Migrations", "Migrations", "{9F759951-BD29-45E3-8455-911C67757225}"
EndProject
Project("{FAE04EC0-301F-11D3-BF4B-00C04F79EFBC}") = "Attila.DbMigration", "Attila.DbMigration\Attila.DbMigration.csproj", "{610CE693-FBFC-410A-8296-62AE79F66CBC}"
EndProject
Global
	GlobalSection(SolutionConfigurationPlatforms) = preSolution
		Debug|Any CPU = Debug|Any CPU
		Release|Any CPU = Release|Any CPU
	EndGlobalSection
	GlobalSection(ProjectConfigurationPlatforms) = postSolution
		{45461776-0ADD-4852-AD7C-682EAE047BE6}.Debug|Any CPU.ActiveCfg = Debug|Any CPU
		{45461776-0ADD-4852-AD7C-682EAE047BE6}.Debug|Any CPU.Build.0 = Debug|Any CPU
		{45461776-0ADD-4852-AD7C-682EAE047BE6}.Release|Any CPU.ActiveCfg = Release|Any CPU
		{45461776-0ADD-4852-AD7C-682EAE047BE6}.Release|Any CPU.Build.0 = Release|Any CPU
		{39D614FC-CEE1-45EE-B00B-69FB8404F219}.Debug|Any CPU.ActiveCfg = Debug|Any CPU
		{39D614FC-CEE1-45EE-B00B-69FB8404F219}.Debug|Any CPU.Build.0 = Debug|Any CPU
		{39D614FC-CEE1-45EE-B00B-69FB8404F219}.Release|Any CPU.ActiveCfg = Release|Any CPU
		{39D614FC-CEE1-45EE-B00B-69FB8404F219}.Release|Any CPU.Build.0 = Release|Any CPU
		{23B954BC-AE03-4418-A3C8-9C6058AFE5FD}.Debug|Any CPU.ActiveCfg = Debug|Any CPU
		{23B954BC-AE03-4418-A3C8-9C6058AFE5FD}.Debug|Any CPU.Build.0 = Debug|Any CPU
		{23B954BC-AE03-4418-A3C8-9C6058AFE5FD}.Release|Any CPU.ActiveCfg = Release|Any CPU
		{23B954BC-AE03-4418-A3C8-9C6058AFE5FD}.Release|Any CPU.Build.0 = Release|Any CPU
		{4C3BD1FD-AEE0-4AF6-AD56-E163C9C9CDEC}.Debug|Any CPU.ActiveCfg = Debug|Any CPU
		{4C3BD1FD-AEE0-4AF6-AD56-E163C9C9CDEC}.Debug|Any CPU.Build.0 = Debug|Any CPU
		{4C3BD1FD-AEE0-4AF6-AD56-E163C9C9CDEC}.Release|Any CPU.ActiveCfg = Release|Any CPU
		{4C3BD1FD-AEE0-4AF6-AD56-E163C9C9CDEC}.Release|Any CPU.Build.0 = Release|Any CPU
		{610CE693-FBFC-410A-8296-62AE79F66CBC}.Debug|Any CPU.ActiveCfg = Debug|Any CPU
		{610CE693-FBFC-410A-8296-62AE79F66CBC}.Debug|Any CPU.Build.0 = Debug|Any CPU
		{610CE693-FBFC-410A-8296-62AE79F66CBC}.Release|Any CPU.ActiveCfg = Release|Any CPU
		{610CE693-FBFC-410A-8296-62AE79F66CBC}.Release|Any CPU.Build.0 = Release|Any CPU
	EndGlobalSection
	GlobalSection(SolutionProperties) = preSolution
		HideSolutionNode = FALSE
	EndGlobalSection
	GlobalSection(NestedProjects) = preSolution
		{45461776-0ADD-4852-AD7C-682EAE047BE6} = {1AB8792D-E878-46B4-9C25-C4EE937446A0}
		{1AB8792D-E878-46B4-9C25-C4EE937446A0} = {86F3CC49-56A6-40D4-988C-6F93EE86A147}
		{34046E16-43D3-436C-8610-AB49478AD208} = {86F3CC49-56A6-40D4-988C-6F93EE86A147}
		{39D614FC-CEE1-45EE-B00B-69FB8404F219} = {1AB8792D-E878-46B4-9C25-C4EE937446A0}
		{23B954BC-AE03-4418-A3C8-9C6058AFE5FD} = {1AB8792D-E878-46B4-9C25-C4EE937446A0}
		{4C3BD1FD-AEE0-4AF6-AD56-E163C9C9CDEC} = {34046E16-43D3-436C-8610-AB49478AD208}
		{610CE693-FBFC-410A-8296-62AE79F66CBC} = {9F759951-BD29-45E3-8455-911C67757225}
	EndGlobalSection
	GlobalSection(ExtensibilityGlobals) = postSolution
		SolutionGuid = {CD9EB2EE-DDB6-49F0-82E3-78ED816C1918}
	EndGlobalSection
EndGlobal
