
Microsoft Visual Studio Solution File, Format Version 12.00
# Visual Studio Version 16
VisualStudioVersion = 16.0.29609.76
MinimumVisualStudioVersion = 10.0.40219.1
Project("{9A19103F-16F7-4668-BE54-9A1E7A4F7556}") = "Attila.Domain", "Attila\Attila.Domain.csproj", "{45461776-0ADD-4852-AD7C-682EAE047BE6}"
EndProject
Project("{2150E333-8FDC-42A3-9474-1A3956D46DE8}") = "Docs", "Docs", "{45713064-D83E-4829-8E15-C4E7124644CD}"
EndProject
Project("{2150E333-8FDC-42A3-9474-1A3956D46DE8}") = "Src", "Src", "{86F3CC49-56A6-40D4-988C-6F93EE86A147}"
EndProject
Project("{2150E333-8FDC-42A3-9474-1A3956D46DE8}") = "Core", "Core", "{1AB8792D-E878-46B4-9C25-C4EE937446A0}"
EndProject
Project("{2150E333-8FDC-42A3-9474-1A3956D46DE8}") = "Presentation", "Presentation", "{34046E16-43D3-436C-8610-AB49478AD208}"
EndProject
Project("{9A19103F-16F7-4668-BE54-9A1E7A4F7556}") = "Attila.Application", "Attila.Application\Attila.Application.csproj", "{39D614FC-CEE1-45EE-B00B-69FB8404F219}"
	ProjectSection(ProjectDependencies) = postProject
		{45461776-0ADD-4852-AD7C-682EAE047BE6} = {45461776-0ADD-4852-AD7C-682EAE047BE6}
	EndProjectSection
EndProject
Project("{9A19103F-16F7-4668-BE54-9A1E7A4F7556}") = "Attila.Infrastructure", "Attila.Infrastructure\Attila.Infrastructure.csproj", "{23B954BC-AE03-4418-A3C8-9C6058AFE5FD}"
	ProjectSection(ProjectDependencies) = postProject
		{45461776-0ADD-4852-AD7C-682EAE047BE6} = {45461776-0ADD-4852-AD7C-682EAE047BE6}
		{39D614FC-CEE1-45EE-B00B-69FB8404F219} = {39D614FC-CEE1-45EE-B00B-69FB8404F219}
	EndProjectSection
EndProject
Project("{9A19103F-16F7-4668-BE54-9A1E7A4F7556}") = "Attila.Presentation", "Attila.Presentation\Attila.Presentation.csproj", "{26B7339B-C6FB-4005-B164-483C79AD1721}"
	ProjectSection(ProjectDependencies) = postProject
		{45461776-0ADD-4852-AD7C-682EAE047BE6} = {45461776-0ADD-4852-AD7C-682EAE047BE6}
		{39D614FC-CEE1-45EE-B00B-69FB8404F219} = {39D614FC-CEE1-45EE-B00B-69FB8404F219}
	EndProjectSection
EndProject
Project("{9A19103F-16F7-4668-BE54-9A1E7A4F7556}") = "Attila.Presentation.UserSignUp", "Attila.Presentation.UserSignUp\Attila.Presentation.UserSignUp.csproj", "{656A5D89-B458-4C3B-8063-16AF2953FC83}"
	ProjectSection(ProjectDependencies) = postProject
		{45461776-0ADD-4852-AD7C-682EAE047BE6} = {45461776-0ADD-4852-AD7C-682EAE047BE6}
		{23B954BC-AE03-4418-A3C8-9C6058AFE5FD} = {23B954BC-AE03-4418-A3C8-9C6058AFE5FD}
		{39D614FC-CEE1-45EE-B00B-69FB8404F219} = {39D614FC-CEE1-45EE-B00B-69FB8404F219}
	EndProjectSection
EndProject
Project("{9A19103F-16F7-4668-BE54-9A1E7A4F7556}") = "Attila.Presentation.Admin", "Attila.Presentation.Admin\Attila.Presentation.Admin.csproj", "{CDE39E49-1597-4C8D-A2FB-3BE0DAE6C6AC}"
	ProjectSection(ProjectDependencies) = postProject
		{45461776-0ADD-4852-AD7C-682EAE047BE6} = {45461776-0ADD-4852-AD7C-682EAE047BE6}
		{26B7339B-C6FB-4005-B164-483C79AD1721} = {26B7339B-C6FB-4005-B164-483C79AD1721}
		{23B954BC-AE03-4418-A3C8-9C6058AFE5FD} = {23B954BC-AE03-4418-A3C8-9C6058AFE5FD}
	EndProjectSection
EndProject
Project("{9A19103F-16F7-4668-BE54-9A1E7A4F7556}") = "Attila.Presentation.EventCoordinator", "Attila.Presentation.EventCoordinator\Attila.Presentation.EventCoordinator.csproj", "{3DA5844A-F750-43A0-B905-F9EA29300CD0}"
EndProject
Project("{FAE04EC0-301F-11D3-BF4B-00C04F79EFBC}") = "Attila.Presentation.InventoryManager", "Attila.Presentation.InventoryManager\Attila.Presentation.InventoryManager.csproj", "{72F9C12A-6FAD-46E0-8387-CC00B3052061}"
EndProject
Global
	GlobalSection(SolutionConfigurationPlatforms) = preSolution
		Debug|Any CPU = Debug|Any CPU
		Release|Any CPU = Release|Any CPU
	EndGlobalSection
	GlobalSection(ProjectConfigurationPlatforms) = postSolution
		{45461776-0ADD-4852-AD7C-682EAE047BE6}.Debug|Any CPU.ActiveCfg = Debug|Any CPU
		{45461776-0ADD-4852-AD7C-682EAE047BE6}.Debug|Any CPU.Build.0 = Debug|Any CPU
		{45461776-0ADD-4852-AD7C-682EAE047BE6}.Release|Any CPU.ActiveCfg = Release|Any CPU
		{45461776-0ADD-4852-AD7C-682EAE047BE6}.Release|Any CPU.Build.0 = Release|Any CPU
		{39D614FC-CEE1-45EE-B00B-69FB8404F219}.Debug|Any CPU.ActiveCfg = Debug|Any CPU
		{39D614FC-CEE1-45EE-B00B-69FB8404F219}.Debug|Any CPU.Build.0 = Debug|Any CPU
		{39D614FC-CEE1-45EE-B00B-69FB8404F219}.Release|Any CPU.ActiveCfg = Release|Any CPU
		{39D614FC-CEE1-45EE-B00B-69FB8404F219}.Release|Any CPU.Build.0 = Release|Any CPU
		{23B954BC-AE03-4418-A3C8-9C6058AFE5FD}.Debug|Any CPU.ActiveCfg = Debug|Any CPU
		{23B954BC-AE03-4418-A3C8-9C6058AFE5FD}.Debug|Any CPU.Build.0 = Debug|Any CPU
		{23B954BC-AE03-4418-A3C8-9C6058AFE5FD}.Release|Any CPU.ActiveCfg = Release|Any CPU
		{23B954BC-AE03-4418-A3C8-9C6058AFE5FD}.Release|Any CPU.Build.0 = Release|Any CPU
		{26B7339B-C6FB-4005-B164-483C79AD1721}.Debug|Any CPU.ActiveCfg = Debug|Any CPU
		{26B7339B-C6FB-4005-B164-483C79AD1721}.Debug|Any CPU.Build.0 = Debug|Any CPU
		{26B7339B-C6FB-4005-B164-483C79AD1721}.Release|Any CPU.ActiveCfg = Release|Any CPU
		{26B7339B-C6FB-4005-B164-483C79AD1721}.Release|Any CPU.Build.0 = Release|Any CPU
		{656A5D89-B458-4C3B-8063-16AF2953FC83}.Debug|Any CPU.ActiveCfg = Debug|Any CPU
		{656A5D89-B458-4C3B-8063-16AF2953FC83}.Debug|Any CPU.Build.0 = Debug|Any CPU
		{656A5D89-B458-4C3B-8063-16AF2953FC83}.Release|Any CPU.ActiveCfg = Release|Any CPU
		{656A5D89-B458-4C3B-8063-16AF2953FC83}.Release|Any CPU.Build.0 = Release|Any CPU
		{CDE39E49-1597-4C8D-A2FB-3BE0DAE6C6AC}.Debug|Any CPU.ActiveCfg = Debug|Any CPU
		{CDE39E49-1597-4C8D-A2FB-3BE0DAE6C6AC}.Debug|Any CPU.Build.0 = Debug|Any CPU
		{CDE39E49-1597-4C8D-A2FB-3BE0DAE6C6AC}.Release|Any CPU.ActiveCfg = Release|Any CPU
		{CDE39E49-1597-4C8D-A2FB-3BE0DAE6C6AC}.Release|Any CPU.Build.0 = Release|Any CPU
		{3DA5844A-F750-43A0-B905-F9EA29300CD0}.Debug|Any CPU.ActiveCfg = Debug|Any CPU
		{3DA5844A-F750-43A0-B905-F9EA29300CD0}.Debug|Any CPU.Build.0 = Debug|Any CPU
		{3DA5844A-F750-43A0-B905-F9EA29300CD0}.Release|Any CPU.ActiveCfg = Release|Any CPU
		{3DA5844A-F750-43A0-B905-F9EA29300CD0}.Release|Any CPU.Build.0 = Release|Any CPU
		{72F9C12A-6FAD-46E0-8387-CC00B3052061}.Debug|Any CPU.ActiveCfg = Debug|Any CPU
		{72F9C12A-6FAD-46E0-8387-CC00B3052061}.Debug|Any CPU.Build.0 = Debug|Any CPU
		{72F9C12A-6FAD-46E0-8387-CC00B3052061}.Release|Any CPU.ActiveCfg = Release|Any CPU
		{72F9C12A-6FAD-46E0-8387-CC00B3052061}.Release|Any CPU.Build.0 = Release|Any CPU
	EndGlobalSection
	GlobalSection(SolutionProperties) = preSolution
		HideSolutionNode = FALSE
	EndGlobalSection
	GlobalSection(NestedProjects) = preSolution
		{45461776-0ADD-4852-AD7C-682EAE047BE6} = {1AB8792D-E878-46B4-9C25-C4EE937446A0}
		{1AB8792D-E878-46B4-9C25-C4EE937446A0} = {86F3CC49-56A6-40D4-988C-6F93EE86A147}
		{34046E16-43D3-436C-8610-AB49478AD208} = {86F3CC49-56A6-40D4-988C-6F93EE86A147}
		{39D614FC-CEE1-45EE-B00B-69FB8404F219} = {1AB8792D-E878-46B4-9C25-C4EE937446A0}
		{23B954BC-AE03-4418-A3C8-9C6058AFE5FD} = {1AB8792D-E878-46B4-9C25-C4EE937446A0}
		{26B7339B-C6FB-4005-B164-483C79AD1721} = {34046E16-43D3-436C-8610-AB49478AD208}
		{656A5D89-B458-4C3B-8063-16AF2953FC83} = {34046E16-43D3-436C-8610-AB49478AD208}
		{CDE39E49-1597-4C8D-A2FB-3BE0DAE6C6AC} = {34046E16-43D3-436C-8610-AB49478AD208}
		{3DA5844A-F750-43A0-B905-F9EA29300CD0} = {34046E16-43D3-436C-8610-AB49478AD208}
		{72F9C12A-6FAD-46E0-8387-CC00B3052061} = {34046E16-43D3-436C-8610-AB49478AD208}
	EndGlobalSection
	GlobalSection(ExtensibilityGlobals) = postSolution
		SolutionGuid = {CD9EB2EE-DDB6-49F0-82E3-78ED816C1918}
	EndGlobalSection
EndGlobal
